{
  "name": "@csevero/myapp",
  "version": "1.0.0",
  "lockfileVersion": 1,
  "requires": true,
  "dependencies": {
    "@csevero/fluentsql": {
      "version": "1.1.0",
      "resolved": "https://registry.npmjs.org/@csevero/fluentsql/-/fluentsql-1.1.0.tgz",
      "integrity": "sha512-tgzdyBdjjypMWYW5qZu6wUhjqQI5dUpI++8cNYPJazvSivQ4mCDrV+XyzDJZXShhZROzKei2loajjIaRRd12Hw=="
    }
  }
}
