{
  "name": "app",
  "version": "1.0.0",
  "lockfileVersion": 2,
  "requires": true,
  "packages": {
    "": {
      "name": "app",
      "version": "1.0.0",
      "license": "ISC",
      "dependencies": {
        "@csevero/date-util": "^1.0.0"
      }
    },
    "node_modules/@csevero/date-util": {
      "version": "1.0.0",
      "resolved": "http://localhost:4873/@csevero%2fdate-util/-/date-util-1.0.0.tgz",
      "integrity": "sha512-aHIZ+YOtoAMoj6/v+PW2bnt4jf4dF1VvNZ7CkZWMwzM/PDn4x8kXpcQCFJGmGzZr2XM3NJNVj7jEobSR1b3jFw==",
      "dependencies": {
        "@csevero/string-util": "^1.0.0"
      }
    },
    "node_modules/@csevero/string-util": {
      "version": "1.0.0",
      "resolved": "http://localhost:4873/@csevero%2fstring-util/-/string-util-1.0.0.tgz",
      "integrity": "sha512-sT8nGSMwBYoPe2/WGDjEf1kN8DK/ZC1GqgIRtLgJ8KbMDIZLcgoQZx7vBQydjyJUyrUFVY40+tVMMEkgYfkAaQ=="
    }
  },
  "dependencies": {
    "@csevero/date-util": {
      "version": "1.0.0",
      "resolved": "http://localhost:4873/@csevero%2fdate-util/-/date-util-1.0.0.tgz",
      "integrity": "sha512-aHIZ+YOtoAMoj6/v+PW2bnt4jf4dF1VvNZ7CkZWMwzM/PDn4x8kXpcQCFJGmGzZr2XM3NJNVj7jEobSR1b3jFw==",
      "requires": {
        "@csevero/string-util": "^1.0.0"
      }
    },
    "@csevero/string-util": {
      "version": "1.0.0",
      "resolved": "http://localhost:4873/@csevero%2fstring-util/-/string-util-1.0.0.tgz",
      "integrity": "sha512-sT8nGSMwBYoPe2/WGDjEf1kN8DK/ZC1GqgIRtLgJ8KbMDIZLcgoQZx7vBQydjyJUyrUFVY40+tVMMEkgYfkAaQ=="
    }
  }
}
